
Microsoft Visual Studio Solution File, Format Version 11.00
# Visual Studio 2010
Project("{FAE04EC0-301F-11D3-BF4B-00C04F79EFBC}") = "Assembly-CSharp", "Assembly-CSharp.csproj", "{67E2CB5E-165B-C9BF-1DD5-4E8241A3A630}"
EndProject
Project("{FAE04EC0-301F-11D3-BF4B-00C04F79EFBC}") = "Assembly-CSharp-Editor", "Assembly-CSharp-Editor.csproj", "{F9C5258A-53FD-6ED8-F1CD-275E18509EE9}"
EndProject
Global
	GlobalSection(SolutionConfigurationPlatforms) = preSolution
		Debug|Any CPU = Debug|Any CPU
		Release|Any CPU = Release|Any CPU
	EndGlobalSection
	GlobalSection(ProjectConfigurationPlatforms) = postSolution
		{67E2CB5E-165B-C9BF-1DD5-4E8241A3A630}.Debug|Any CPU.ActiveCfg = Debug|Any CPU
		{67E2CB5E-165B-C9BF-1DD5-4E8241A3A630}.Debug|Any CPU.Build.0 = Debug|Any CPU
		{67E2CB5E-165B-C9BF-1DD5-4E8241A3A630}.Release|Any CPU.ActiveCfg = Release|Any CPU
		{67E2CB5E-165B-C9BF-1DD5-4E8241A3A630}.Release|Any CPU.Build.0 = Release|Any CPU
		{F9C5258A-53FD-6ED8-F1CD-275E18509EE9}.Debug|Any CPU.ActiveCfg = Debug|Any CPU
		{F9C5258A-53FD-6ED8-F1CD-275E18509EE9}.Debug|Any CPU.Build.0 = Debug|Any CPU
		{F9C5258A-53FD-6ED8-F1CD-275E18509EE9}.Release|Any CPU.ActiveCfg = Release|Any CPU
		{F9C5258A-53FD-6ED8-F1CD-275E18509EE9}.Release|Any CPU.Build.0 = Release|Any CPU
	EndGlobalSection
	GlobalSection(SolutionProperties) = preSolution
		HideSolutionNode = FALSE
	EndGlobalSection
	GlobalSection(MonoDevelopProperties) = preSolution
		StartupItem = Assembly-CSharp.csproj
	EndGlobalSection
EndGlobal
